// !$*UTF8*$!
{
	archiveVersion = 1;
	classes = {
	};
	objectVersion = 55;
	objects = {

/* Begin PBXBuildFile section */
		F77844B029D15AD4003938EE /* Tests_iOS.swift in Sources */ = {isa = PBXBuildFile; fileRef = F77844AF29D15AD4003938EE /* Tests_iOS.swift */; };
		F77844B229D15AD4003938EE /* Tests_iOSLaunchTests.swift in Sources */ = {isa = PBXBuildFile; fileRef = F77844B129D15AD4003938EE /* Tests_iOSLaunchTests.swift */; };
		F77844BC29D15AD4003938EE /* Tests_macOS.swift in Sources */ = {isa = PBXBuildFile; fileRef = F77844BB29D15AD4003938EE /* Tests_macOS.swift */; };
		F77844BE29D15AD4003938EE /* Tests_macOSLaunchTests.swift in Sources */ = {isa = PBXBuildFile; fileRef = F77844BD29D15AD4003938EE /* Tests_macOSLaunchTests.swift */; };
		F77844BF29D15AD4003938EE /* Onyx_App.swift in Sources */ = {isa = PBXBuildFile; fileRef = F778449729D15AD0003938EE /* Onyx_App.swift */; };
		F77844C029D15AD4003938EE /* Onyx_App.swift in Sources */ = {isa = PBXBuildFile; fileRef = F778449729D15AD0003938EE /* Onyx_App.swift */; };
		F77844C129D15AD4003938EE /* ContentView.swift in Sources */ = {isa = PBXBuildFile; fileRef = F778449829D15AD0003938EE /* ContentView.swift */; };
		F77844C229D15AD4003938EE /* ContentView.swift in Sources */ = {isa = PBXBuildFile; fileRef = F778449829D15AD0003938EE /* ContentView.swift */; };
		F77844C329D15AD4003938EE /* Assets.xcassets in Resources */ = {isa = PBXBuildFile; fileRef = F778449929D15AD3003938EE /* Assets.xcassets */; };
		F77844C429D15AD4003938EE /* Assets.xcassets in Resources */ = {isa = PBXBuildFile; fileRef = F778449929D15AD3003938EE /* Assets.xcassets */; };
		F77844D529D15CC8003938EE /* HomepageView.swift in Sources */ = {isa = PBXBuildFile; fileRef = F77844D429D15CC8003938EE /* HomepageView.swift */; };
		F77844D729D22319003938EE /* DashboardView.swift in Sources */ = {isa = PBXBuildFile; fileRef = F77844D629D22319003938EE /* DashboardView.swift */; };
		F77844D929D2239F003938EE /* HomepageConsts.swift in Sources */ = {isa = PBXBuildFile; fileRef = F77844D829D2239F003938EE /* HomepageConsts.swift */; };
		F77844DB29D75148003938EE /* Cache.swift in Sources */ = {isa = PBXBuildFile; fileRef = F77844DA29D75148003938EE /* Cache.swift */; };
		F77844DC29D75148003938EE /* Cache.swift in Sources */ = {isa = PBXBuildFile; fileRef = F77844DA29D75148003938EE /* Cache.swift */; };
		F77844DE29D81349003938EE /* AddToPorfolioView.swift in Sources */ = {isa = PBXBuildFile; fileRef = F77844DD29D81349003938EE /* AddToPorfolioView.swift */; };
		F77844DF29D81349003938EE /* AddToPorfolioView.swift in Sources */ = {isa = PBXBuildFile; fileRef = F77844DD29D81349003938EE /* AddToPorfolioView.swift */; };
		F77844E129D8181E003938EE /* Screen.swift in Sources */ = {isa = PBXBuildFile; fileRef = F77844E029D8181E003938EE /* Screen.swift */; };
		F77844E229D8181E003938EE /* Screen.swift in Sources */ = {isa = PBXBuildFile; fileRef = F77844E029D8181E003938EE /* Screen.swift */; };
/* End PBXBuildFile section */

/* Begin PBXContainerItemProxy section */
		F77844AC29D15AD4003938EE /* PBXContainerItemProxy */ = {
			isa = PBXContainerItemProxy;
			containerPortal = F778449229D15AD0003938EE /* Project object */;
			proxyType = 1;
			remoteGlobalIDString = F778449D29D15AD3003938EE;
			remoteInfo = "Black Diamond (iOS)";
		};
		F77844B829D15AD4003938EE /* PBXContainerItemProxy */ = {
			isa = PBXContainerItemProxy;
			containerPortal = F778449229D15AD0003938EE /* Project object */;
			proxyType = 1;
			remoteGlobalIDString = F77844A329D15AD3003938EE;
			remoteInfo = "Black Diamond (macOS)";
		};
/* End PBXContainerItemProxy section */

/* Begin PBXFileReference section */
		F778449729D15AD0003938EE /* Onyx_App.swift */ = {isa = PBXFileReference; lastKnownFileType = sourcecode.swift; path = Onyx_App.swift; sourceTree = "<group>"; };
		F778449829D15AD0003938EE /* ContentView.swift */ = {isa = PBXFileReference; lastKnownFileType = sourcecode.swift; path = ContentView.swift; sourceTree = "<group>"; };
		F778449929D15AD3003938EE /* Assets.xcassets */ = {isa = PBXFileReference; lastKnownFileType = folder.assetcatalog; path = Assets.xcassets; sourceTree = "<group>"; };
		F778449E29D15AD3003938EE /* Onyx.app */ = {isa = PBXFileReference; explicitFileType = wrapper.application; includeInIndex = 0; path = Onyx.app; sourceTree = BUILT_PRODUCTS_DIR; };
		F77844A429D15AD3003938EE /* Onyx.app */ = {isa = PBXFileReference; explicitFileType = wrapper.application; includeInIndex = 0; path = Onyx.app; sourceTree = BUILT_PRODUCTS_DIR; };
		F77844A629D15AD3003938EE /* macOS.entitlements */ = {isa = PBXFileReference; lastKnownFileType = text.plist.entitlements; path = macOS.entitlements; sourceTree = "<group>"; };
		F77844AB29D15AD4003938EE /* Tests iOS.xctest */ = {isa = PBXFileReference; explicitFileType = wrapper.cfbundle; includeInIndex = 0; path = "Tests iOS.xctest"; sourceTree = BUILT_PRODUCTS_DIR; };
		F77844AF29D15AD4003938EE /* Tests_iOS.swift */ = {isa = PBXFileReference; lastKnownFileType = sourcecode.swift; path = Tests_iOS.swift; sourceTree = "<group>"; };
		F77844B129D15AD4003938EE /* Tests_iOSLaunchTests.swift */ = {isa = PBXFileReference; lastKnownFileType = sourcecode.swift; path = Tests_iOSLaunchTests.swift; sourceTree = "<group>"; };
		F77844B729D15AD4003938EE /* Tests macOS.xctest */ = {isa = PBXFileReference; explicitFileType = wrapper.cfbundle; includeInIndex = 0; path = "Tests macOS.xctest"; sourceTree = BUILT_PRODUCTS_DIR; };
		F77844BB29D15AD4003938EE /* Tests_macOS.swift */ = {isa = PBXFileReference; lastKnownFileType = sourcecode.swift; path = Tests_macOS.swift; sourceTree = "<group>"; };
		F77844BD29D15AD4003938EE /* Tests_macOSLaunchTests.swift */ = {isa = PBXFileReference; lastKnownFileType = sourcecode.swift; path = Tests_macOSLaunchTests.swift; sourceTree = "<group>"; };
		F77844D429D15CC8003938EE /* HomepageView.swift */ = {isa = PBXFileReference; lastKnownFileType = sourcecode.swift; path = HomepageView.swift; sourceTree = "<group>"; };
		F77844D629D22319003938EE /* DashboardView.swift */ = {isa = PBXFileReference; lastKnownFileType = sourcecode.swift; path = DashboardView.swift; sourceTree = "<group>"; };
		F77844D829D2239F003938EE /* HomepageConsts.swift */ = {isa = PBXFileReference; lastKnownFileType = sourcecode.swift; path = HomepageConsts.swift; sourceTree = "<group>"; };
		F77844DA29D75148003938EE /* Cache.swift */ = {isa = PBXFileReference; lastKnownFileType = sourcecode.swift; path = Cache.swift; sourceTree = "<group>"; };
		F77844DD29D81349003938EE /* AddToPorfolioView.swift */ = {isa = PBXFileReference; lastKnownFileType = sourcecode.swift; path = AddToPorfolioView.swift; sourceTree = "<group>"; };
		F77844E029D8181E003938EE /* Screen.swift */ = {isa = PBXFileReference; lastKnownFileType = sourcecode.swift; path = Screen.swift; sourceTree = "<group>"; };
/* End PBXFileReference section */

/* Begin PBXFrameworksBuildPhase section */
		F778449B29D15AD3003938EE /* Frameworks */ = {
			isa = PBXFrameworksBuildPhase;
			buildActionMask = 2147483647;
			files = (
			);
			runOnlyForDeploymentPostprocessing = 0;
		};
		F77844A129D15AD3003938EE /* Frameworks */ = {
			isa = PBXFrameworksBuildPhase;
			buildActionMask = 2147483647;
			files = (
			);
			runOnlyForDeploymentPostprocessing = 0;
		};
		F77844A829D15AD4003938EE /* Frameworks */ = {
			isa = PBXFrameworksBuildPhase;
			buildActionMask = 2147483647;
			files = (
			);
			runOnlyForDeploymentPostprocessing = 0;
		};
		F77844B429D15AD4003938EE /* Frameworks */ = {
			isa = PBXFrameworksBuildPhase;
			buildActionMask = 2147483647;
			files = (
			);
			runOnlyForDeploymentPostprocessing = 0;
		};
/* End PBXFrameworksBuildPhase section */

/* Begin PBXGroup section */
		F778449129D15AD0003938EE = {
			isa = PBXGroup;
			children = (
				F778449629D15AD0003938EE /* Shared */,
				F77844A529D15AD3003938EE /* macOS */,
				F77844AE29D15AD4003938EE /* Tests iOS */,
				F77844BA29D15AD4003938EE /* Tests macOS */,
				F778449F29D15AD3003938EE /* Products */,
			);
			sourceTree = "<group>";
		};
		F778449629D15AD0003938EE /* Shared */ = {
			isa = PBXGroup;
			children = (
				F77844D429D15CC8003938EE /* HomepageView.swift */,
				F77844D629D22319003938EE /* DashboardView.swift */,
				F77844D829D2239F003938EE /* HomepageConsts.swift */,
				F77844D329D15CB5003938EE /* Homepage */,
				F778449729D15AD0003938EE /* Onyx_App.swift */,
				F778449829D15AD0003938EE /* ContentView.swift */,
				F778449929D15AD3003938EE /* Assets.xcassets */,
				F77844DA29D75148003938EE /* Cache.swift */,
				F77844DD29D81349003938EE /* AddToPorfolioView.swift */,
				F77844E029D8181E003938EE /* Screen.swift */,
			);
			path = Shared;
			sourceTree = "<group>";
		};
		F778449F29D15AD3003938EE /* Products */ = {
			isa = PBXGroup;
			children = (
				F778449E29D15AD3003938EE /* Onyx.app */,
				F77844A429D15AD3003938EE /* Onyx.app */,
				F77844AB29D15AD4003938EE /* Tests iOS.xctest */,
				F77844B729D15AD4003938EE /* Tests macOS.xctest */,
			);
			name = Products;
			sourceTree = "<group>";
		};
		F77844A529D15AD3003938EE /* macOS */ = {
			isa = PBXGroup;
			children = (
				F77844A629D15AD3003938EE /* macOS.entitlements */,
			);
			path = macOS;
			sourceTree = "<group>";
		};
		F77844AE29D15AD4003938EE /* Tests iOS */ = {
			isa = PBXGroup;
			children = (
				F77844AF29D15AD4003938EE /* Tests_iOS.swift */,
				F77844B129D15AD4003938EE /* Tests_iOSLaunchTests.swift */,
			);
			path = "Tests iOS";
			sourceTree = "<group>";
		};
		F77844BA29D15AD4003938EE /* Tests macOS */ = {
			isa = PBXGroup;
			children = (
				F77844BB29D15AD4003938EE /* Tests_macOS.swift */,
				F77844BD29D15AD4003938EE /* Tests_macOSLaunchTests.swift */,
			);
			path = "Tests macOS";
			sourceTree = "<group>";
		};
		F77844D329D15CB5003938EE /* Homepage */ = {
			isa = PBXGroup;
			children = (
			);
			path = Homepage;
			sourceTree = "<group>";
		};
/* End PBXGroup section */

/* Begin PBXNativeTarget section */
		F778449D29D15AD3003938EE /* Onyx (iOS) */ = {
			isa = PBXNativeTarget;
			buildConfigurationList = F77844C729D15AD4003938EE /* Build configuration list for PBXNativeTarget "Onyx (iOS)" */;
			buildPhases = (
				F778449A29D15AD3003938EE /* Sources */,
				F778449B29D15AD3003938EE /* Frameworks */,
				F778449C29D15AD3003938EE /* Resources */,
			);
			buildRules = (
			);
			dependencies = (
			);
			name = "Onyx (iOS)";
			productName = "Black Diamond (iOS)";
			productReference = F778449E29D15AD3003938EE /* Onyx.app */;
			productType = "com.apple.product-type.application";
		};
		F77844A329D15AD3003938EE /* Onyx (macOS) */ = {
			isa = PBXNativeTarget;
			buildConfigurationList = F77844CA29D15AD4003938EE /* Build configuration list for PBXNativeTarget "Onyx (macOS)" */;
			buildPhases = (
				F77844A029D15AD3003938EE /* Sources */,
				F77844A129D15AD3003938EE /* Frameworks */,
				F77844A229D15AD3003938EE /* Resources */,
			);
			buildRules = (
			);
			dependencies = (
			);
			name = "Onyx (macOS)";
			productName = "Black Diamond (macOS)";
			productReference = F77844A429D15AD3003938EE /* Onyx.app */;
			productType = "com.apple.product-type.application";
		};
		F77844AA29D15AD4003938EE /* Tests iOS */ = {
			isa = PBXNativeTarget;
			buildConfigurationList = F77844CD29D15AD4003938EE /* Build configuration list for PBXNativeTarget "Tests iOS" */;
			buildPhases = (
				F77844A729D15AD4003938EE /* Sources */,
				F77844A829D15AD4003938EE /* Frameworks */,
				F77844A929D15AD4003938EE /* Resources */,
			);
			buildRules = (
			);
			dependencies = (
				F77844AD29D15AD4003938EE /* PBXTargetDependency */,
			);
			name = "Tests iOS";
			productName = "Tests iOS";
			productReference = F77844AB29D15AD4003938EE /* Tests iOS.xctest */;
			productType = "com.apple.product-type.bundle.ui-testing";
		};
		F77844B629D15AD4003938EE /* Tests macOS */ = {
			isa = PBXNativeTarget;
			buildConfigurationList = F77844D029D15AD4003938EE /* Build configuration list for PBXNativeTarget "Tests macOS" */;
			buildPhases = (
				F77844B329D15AD4003938EE /* Sources */,
				F77844B429D15AD4003938EE /* Frameworks */,
				F77844B529D15AD4003938EE /* Resources */,
			);
			buildRules = (
			);
			dependencies = (
				F77844B929D15AD4003938EE /* PBXTargetDependency */,
			);
			name = "Tests macOS";
			productName = "Tests macOS";
			productReference = F77844B729D15AD4003938EE /* Tests macOS.xctest */;
			productType = "com.apple.product-type.bundle.ui-testing";
		};
/* End PBXNativeTarget section */

/* Begin PBXProject section */
		F778449229D15AD0003938EE /* Project object */ = {
			isa = PBXProject;
			attributes = {
				BuildIndependentTargetsInParallel = 1;
				LastSwiftUpdateCheck = 1340;
				LastUpgradeCheck = 1340;
				TargetAttributes = {
					F778449D29D15AD3003938EE = {
						CreatedOnToolsVersion = 13.4.1;
					};
					F77844A329D15AD3003938EE = {
						CreatedOnToolsVersion = 13.4.1;
					};
					F77844AA29D15AD4003938EE = {
						CreatedOnToolsVersion = 13.4.1;
						TestTargetID = F778449D29D15AD3003938EE;
					};
					F77844B629D15AD4003938EE = {
						CreatedOnToolsVersion = 13.4.1;
						TestTargetID = F77844A329D15AD3003938EE;
					};
				};
			};
			buildConfigurationList = F778449529D15AD0003938EE /* Build configuration list for PBXProject "Onyx" */;
			compatibilityVersion = "Xcode 13.0";
			developmentRegion = en;
			hasScannedForEncodings = 0;
			knownRegions = (
				en,
				Base,
			);
			mainGroup = F778449129D15AD0003938EE;
			productRefGroup = F778449F29D15AD3003938EE /* Products */;
			projectDirPath = "";
			projectRoot = "";
			targets = (
				F778449D29D15AD3003938EE /* Onyx (iOS) */,
				F77844A329D15AD3003938EE /* Onyx (macOS) */,
				F77844AA29D15AD4003938EE /* Tests iOS */,
				F77844B629D15AD4003938EE /* Tests macOS */,
			);
		};
/* End PBXProject section */

/* Begin PBXResourcesBuildPhase section */
		F778449C29D15AD3003938EE /* Resources */ = {
			isa = PBXResourcesBuildPhase;
			buildActionMask = 2147483647;
			files = (
				F77844C329D15AD4003938EE /* Assets.xcassets in Resources */,
			);
			runOnlyForDeploymentPostprocessing = 0;
		};
		F77844A229D15AD3003938EE /* Resources */ = {
			isa = PBXResourcesBuildPhase;
			buildActionMask = 2147483647;
			files = (
				F77844C429D15AD4003938EE /* Assets.xcassets in Resources */,
			);
			runOnlyForDeploymentPostprocessing = 0;
		};
		F77844A929D15AD4003938EE /* Resources */ = {
			isa = PBXResourcesBuildPhase;
			buildActionMask = 2147483647;
			files = (
			);
			runOnlyForDeploymentPostprocessing = 0;
		};
		F77844B529D15AD4003938EE /* Resources */ = {
			isa = PBXResourcesBuildPhase;
			buildActionMask = 2147483647;
			files = (
			);
			runOnlyForDeploymentPostprocessing = 0;
		};
/* End PBXResourcesBuildPhase section */

/* Begin PBXSourcesBuildPhase section */
		F778449A29D15AD3003938EE /* Sources */ = {
			isa = PBXSourcesBuildPhase;
			buildActionMask = 2147483647;
			files = (
				F77844D529D15CC8003938EE /* HomepageView.swift in Sources */,
				F77844DE29D81349003938EE /* AddToPorfolioView.swift in Sources */,
				F77844D729D22319003938EE /* DashboardView.swift in Sources */,
				F77844C129D15AD4003938EE /* ContentView.swift in Sources */,
				F77844BF29D15AD4003938EE /* Onyx_App.swift in Sources */,
				F77844DB29D75148003938EE /* Cache.swift in Sources */,
				F77844D929D2239F003938EE /* HomepageConsts.swift in Sources */,
				F77844E129D8181E003938EE /* Screen.swift in Sources */,
			);
			runOnlyForDeploymentPostprocessing = 0;
		};
		F77844A029D15AD3003938EE /* Sources */ = {
			isa = PBXSourcesBuildPhase;
			buildActionMask = 2147483647;
			files = (
				F77844E229D8181E003938EE /* Screen.swift in Sources */,
				F77844DF29D81349003938EE /* AddToPorfolioView.swift in Sources */,
				F77844C229D15AD4003938EE /* ContentView.swift in Sources */,
				F77844DC29D75148003938EE /* Cache.swift in Sources */,
				F77844C029D15AD4003938EE /* Onyx_App.swift in Sources */,
			);
			runOnlyForDeploymentPostprocessing = 0;
		};
		F77844A729D15AD4003938EE /* Sources */ = {
			isa = PBXSourcesBuildPhase;
			buildActionMask = 2147483647;
			files = (
				F77844B229D15AD4003938EE /* Tests_iOSLaunchTests.swift in Sources */,
				F77844B029D15AD4003938EE /* Tests_iOS.swift in Sources */,
			);
			runOnlyForDeploymentPostprocessing = 0;
		};
		F77844B329D15AD4003938EE /* Sources */ = {
			isa = PBXSourcesBuildPhase;
			buildActionMask = 2147483647;
			files = (
				F77844BE29D15AD4003938EE /* Tests_macOSLaunchTests.swift in Sources */,
				F77844BC29D15AD4003938EE /* Tests_macOS.swift in Sources */,
			);
			runOnlyForDeploymentPostprocessing = 0;
		};
/* End PBXSourcesBuildPhase section */

/* Begin PBXTargetDependency section */
		F77844AD29D15AD4003938EE /* PBXTargetDependency */ = {
			isa = PBXTargetDependency;
			target = F778449D29D15AD3003938EE /* Onyx (iOS) */;
			targetProxy = F77844AC29D15AD4003938EE /* PBXContainerItemProxy */;
		};
		F77844B929D15AD4003938EE /* PBXTargetDependency */ = {
			isa = PBXTargetDependency;
			target = F77844A329D15AD3003938EE /* Onyx (macOS) */;
			targetProxy = F77844B829D15AD4003938EE /* PBXContainerItemProxy */;
		};
/* End PBXTargetDependency section */

/* Begin XCBuildConfiguration section */
		F77844C529D15AD4003938EE /* Debug */ = {
			isa = XCBuildConfiguration;
			buildSettings = {
				ALWAYS_SEARCH_USER_PATHS = NO;
				CLANG_ANALYZER_NONNULL = YES;
				CLANG_ANALYZER_NUMBER_OBJECT_CONVERSION = YES_AGGRESSIVE;
				CLANG_CXX_LANGUAGE_STANDARD = "gnu++17";
				CLANG_ENABLE_MODULES = YES;
				CLANG_ENABLE_OBJC_ARC = YES;
				CLANG_ENABLE_OBJC_WEAK = YES;
				CLANG_WARN_BLOCK_CAPTURE_AUTORELEASING = YES;
				CLANG_WARN_BOOL_CONVERSION = YES;
				CLANG_WARN_COMMA = YES;
				CLANG_WARN_CONSTANT_CONVERSION = YES;
				CLANG_WARN_DEPRECATED_OBJC_IMPLEMENTATIONS = YES;
				CLANG_WARN_DIRECT_OBJC_ISA_USAGE = YES_ERROR;
				CLANG_WARN_DOCUMENTATION_COMMENTS = YES;
				CLANG_WARN_EMPTY_BODY = YES;
				CLANG_WARN_ENUM_CONVERSION = YES;
				CLANG_WARN_INFINITE_RECURSION = YES;
				CLANG_WARN_INT_CONVERSION = YES;
				CLANG_WARN_NON_LITERAL_NULL_CONVERSION = YES;
				CLANG_WARN_OBJC_IMPLICIT_RETAIN_SELF = YES;
				CLANG_WARN_OBJC_LITERAL_CONVERSION = YES;
				CLANG_WARN_OBJC_ROOT_CLASS = YES_ERROR;
				CLANG_WARN_QUOTED_INCLUDE_IN_FRAMEWORK_HEADER = YES;
				CLANG_WARN_RANGE_LOOP_ANALYSIS = YES;
				CLANG_WARN_STRICT_PROTOTYPES = YES;
				CLANG_WARN_SUSPICIOUS_MOVE = YES;
				CLANG_WARN_UNGUARDED_AVAILABILITY = YES_AGGRESSIVE;
				CLANG_WARN_UNREACHABLE_CODE = YES;
				CLANG_WARN__DUPLICATE_METHOD_MATCH = YES;
				COPY_PHASE_STRIP = NO;
				DEBUG_INFORMATION_FORMAT = dwarf;
				ENABLE_STRICT_OBJC_MSGSEND = YES;
				ENABLE_TESTABILITY = YES;
				GCC_C_LANGUAGE_STANDARD = gnu11;
				GCC_DYNAMIC_NO_PIC = NO;
				GCC_NO_COMMON_BLOCKS = YES;
				GCC_OPTIMIZATION_LEVEL = 0;
				GCC_PREPROCESSOR_DEFINITIONS = (
					"DEBUG=1",
					"$(inherited)",
				);
				GCC_WARN_64_TO_32_BIT_CONVERSION = YES;
				GCC_WARN_ABOUT_RETURN_TYPE = YES_ERROR;
				GCC_WARN_UNDECLARED_SELECTOR = YES;
				GCC_WARN_UNINITIALIZED_AUTOS = YES_AGGRESSIVE;
				GCC_WARN_UNUSED_FUNCTION = YES;
				GCC_WARN_UNUSED_VARIABLE = YES;
				MTL_ENABLE_DEBUG_INFO = INCLUDE_SOURCE;
				MTL_FAST_MATH = YES;
				ONLY_ACTIVE_ARCH = YES;
				SWIFT_ACTIVE_COMPILATION_CONDITIONS = DEBUG;
				SWIFT_OPTIMIZATION_LEVEL = "-Onone";
			};
			name = Debug;
		};
		F77844C629D15AD4003938EE /* Release */ = {
			isa = XCBuildConfiguration;
			buildSettings = {
				ALWAYS_SEARCH_USER_PATHS = NO;
				CLANG_ANALYZER_NONNULL = YES;
				CLANG_ANALYZER_NUMBER_OBJECT_CONVERSION = YES_AGGRESSIVE;
				CLANG_CXX_LANGUAGE_STANDARD = "gnu++17";
				CLANG_ENABLE_MODULES = YES;
				CLANG_ENABLE_OBJC_ARC = YES;
				CLANG_ENABLE_OBJC_WEAK = YES;
				CLANG_WARN_BLOCK_CAPTURE_AUTORELEASING = YES;
				CLANG_WARN_BOOL_CONVERSION = YES;
				CLANG_WARN_COMMA = YES;
				CLANG_WARN_CONSTANT_CONVERSION = YES;
				CLANG_WARN_DEPRECATED_OBJC_IMPLEMENTATIONS = YES;
				CLANG_WARN_DIRECT_OBJC_ISA_USAGE = YES_ERROR;
				CLANG_WARN_DOCUMENTATION_COMMENTS = YES;
				CLANG_WARN_EMPTY_BODY = YES;
				CLANG_WARN_ENUM_CONVERSION = YES;
				CLANG_WARN_INFINITE_RECURSION = YES;
				CLANG_WARN_INT_CONVERSION = YES;
				CLANG_WARN_NON_LITERAL_NULL_CONVERSION = YES;
				CLANG_WARN_OBJC_IMPLICIT_RETAIN_SELF = YES;
				CLANG_WARN_OBJC_LITERAL_CONVERSION = YES;
				CLANG_WARN_OBJC_ROOT_CLASS = YES_ERROR;
				CLANG_WARN_QUOTED_INCLUDE_IN_FRAMEWORK_HEADER = YES;
				CLANG_WARN_RANGE_LOOP_ANALYSIS = YES;
				CLANG_WARN_STRICT_PROTOTYPES = YES;
				CLANG_WARN_SUSPICIOUS_MOVE = YES;
				CLANG_WARN_UNGUARDED_AVAILABILITY = YES_AGGRESSIVE;
				CLANG_WARN_UNREACHABLE_CODE = YES;
				CLANG_WARN__DUPLICATE_METHOD_MATCH = YES;
				COPY_PHASE_STRIP = NO;
				DEBUG_INFORMATION_FORMAT = "dwarf-with-dsym";
				ENABLE_NS_ASSERTIONS = NO;
				ENABLE_STRICT_OBJC_MSGSEND = YES;
				GCC_C_LANGUAGE_STANDARD = gnu11;
				GCC_NO_COMMON_BLOCKS = YES;
				GCC_WARN_64_TO_32_BIT_CONVERSION = YES;
				GCC_WARN_ABOUT_RETURN_TYPE = YES_ERROR;
				GCC_WARN_UNDECLARED_SELECTOR = YES;
				GCC_WARN_UNINITIALIZED_AUTOS = YES_AGGRESSIVE;
				GCC_WARN_UNUSED_FUNCTION = YES;
				GCC_WARN_UNUSED_VARIABLE = YES;
				MTL_ENABLE_DEBUG_INFO = NO;
				MTL_FAST_MATH = YES;
				SWIFT_COMPILATION_MODE = wholemodule;
				SWIFT_OPTIMIZATION_LEVEL = "-O";
			};
			name = Release;
		};
		F77844C829D15AD4003938EE /* Debug */ = {
			isa = XCBuildConfiguration;
			buildSettings = {
				ASSETCATALOG_COMPILER_APPICON_NAME = AppIcon;
				ASSETCATALOG_COMPILER_GLOBAL_ACCENT_COLOR_NAME = AccentColor;
				CODE_SIGN_STYLE = Automatic;
				CURRENT_PROJECT_VERSION = 1;
				DEVELOPMENT_TEAM = VUYN7Z8LL9;
				ENABLE_PREVIEWS = YES;
				GENERATE_INFOPLIST_FILE = YES;
				INFOPLIST_KEY_UIApplicationSceneManifest_Generation = YES;
				INFOPLIST_KEY_UIApplicationSupportsIndirectInputEvents = YES;
				INFOPLIST_KEY_UILaunchScreen_Generation = YES;
				INFOPLIST_KEY_UISupportedInterfaceOrientations_iPad = "UIInterfaceOrientationPortrait UIInterfaceOrientationPortraitUpsideDown UIInterfaceOrientationLandscapeLeft UIInterfaceOrientationLandscapeRight";
				INFOPLIST_KEY_UISupportedInterfaceOrientations_iPhone = "UIInterfaceOrientationPortrait UIInterfaceOrientationLandscapeLeft UIInterfaceOrientationLandscapeRight";
				IPHONEOS_DEPLOYMENT_TARGET = 15.5;
				LD_RUNPATH_SEARCH_PATHS = (
					"$(inherited)",
					"@executable_path/Frameworks",
				);
				MARKETING_VERSION = 1.0;
				PRODUCT_BUNDLE_IDENTIFIER = "com.elijahahmad.Black-Diamond";
				PRODUCT_NAME = Onyx;
				SDKROOT = iphoneos;
				SWIFT_EMIT_LOC_STRINGS = YES;
				SWIFT_VERSION = 5.0;
				TARGETED_DEVICE_FAMILY = "1,2";
			};
			name = Debug;
		};
		F77844C929D15AD4003938EE /* Release */ = {
			isa = XCBuildConfiguration;
			buildSettings = {
				ASSETCATALOG_COMPILER_APPICON_NAME = AppIcon;
				ASSETCATALOG_COMPILER_GLOBAL_ACCENT_COLOR_NAME = AccentColor;
				CODE_SIGN_STYLE = Automatic;
				CURRENT_PROJECT_VERSION = 1;
				DEVELOPMENT_TEAM = VUYN7Z8LL9;
				ENABLE_PREVIEWS = YES;
				GENERATE_INFOPLIST_FILE = YES;
				INFOPLIST_KEY_UIApplicationSceneManifest_Generation = YES;
				INFOPLIST_KEY_UIApplicationSupportsIndirectInputEvents = YES;
				INFOPLIST_KEY_UILaunchScreen_Generation = YES;
				INFOPLIST_KEY_UISupportedInterfaceOrientations_iPad = "UIInterfaceOrientationPortrait UIInterfaceOrientationPortraitUpsideDown UIInterfaceOrientationLandscapeLeft UIInterfaceOrientationLandscapeRight";
				INFOPLIST_KEY_UISupportedInterfaceOrientations_iPhone = "UIInterfaceOrientationPortrait UIInterfaceOrientationLandscapeLeft UIInterfaceOrientationLandscapeRight";
				IPHONEOS_DEPLOYMENT_TARGET = 15.5;
				LD_RUNPATH_SEARCH_PATHS = (
					"$(inherited)",
					"@executable_path/Frameworks",
				);
				MARKETING_VERSION = 1.0;
				PRODUCT_BUNDLE_IDENTIFIER = "com.elijahahmad.Black-Diamond";
				PRODUCT_NAME = Onyx;
				SDKROOT = iphoneos;
				SWIFT_EMIT_LOC_STRINGS = YES;
				SWIFT_VERSION = 5.0;
				TARGETED_DEVICE_FAMILY = "1,2";
				VALIDATE_PRODUCT = YES;
			};
			name = Release;
		};
		F77844CB29D15AD4003938EE /* Debug */ = {
			isa = XCBuildConfiguration;
			buildSettings = {
				ASSETCATALOG_COMPILER_APPICON_NAME = AppIcon;
				ASSETCATALOG_COMPILER_GLOBAL_ACCENT_COLOR_NAME = AccentColor;
				CODE_SIGN_ENTITLEMENTS = macOS/macOS.entitlements;
				CODE_SIGN_STYLE = Automatic;
				COMBINE_HIDPI_IMAGES = YES;
				CURRENT_PROJECT_VERSION = 1;
				DEVELOPMENT_TEAM = VUYN7Z8LL9;
				ENABLE_HARDENED_RUNTIME = YES;
				ENABLE_PREVIEWS = YES;
				GENERATE_INFOPLIST_FILE = YES;
				INFOPLIST_KEY_NSHumanReadableCopyright = "";
				LD_RUNPATH_SEARCH_PATHS = (
					"$(inherited)",
					"@executable_path/../Frameworks",
				);
				MACOSX_DEPLOYMENT_TARGET = 12.3;
				MARKETING_VERSION = 1.0;
				PRODUCT_BUNDLE_IDENTIFIER = "com.elijahahmad.Black-Diamond";
				PRODUCT_NAME = Onyx;
				SDKROOT = macosx;
				SWIFT_EMIT_LOC_STRINGS = YES;
				SWIFT_VERSION = 5.0;
			};
			name = Debug;
		};
		F77844CC29D15AD4003938EE /* Release */ = {
			isa = XCBuildConfiguration;
			buildSettings = {
				ASSETCATALOG_COMPILER_APPICON_NAME = AppIcon;
				ASSETCATALOG_COMPILER_GLOBAL_ACCENT_COLOR_NAME = AccentColor;
				CODE_SIGN_ENTITLEMENTS = macOS/macOS.entitlements;
				CODE_SIGN_STYLE = Automatic;
				COMBINE_HIDPI_IMAGES = YES;
				CURRENT_PROJECT_VERSION = 1;
				DEVELOPMENT_TEAM = VUYN7Z8LL9;
				ENABLE_HARDENED_RUNTIME = YES;
				ENABLE_PREVIEWS = YES;
				GENERATE_INFOPLIST_FILE = YES;
				INFOPLIST_KEY_NSHumanReadableCopyright = "";
				LD_RUNPATH_SEARCH_PATHS = (
					"$(inherited)",
					"@executable_path/../Frameworks",
				);
				MACOSX_DEPLOYMENT_TARGET = 12.3;
				MARKETING_VERSION = 1.0;
				PRODUCT_BUNDLE_IDENTIFIER = "com.elijahahmad.Black-Diamond";
				PRODUCT_NAME = Onyx;
				SDKROOT = macosx;
				SWIFT_EMIT_LOC_STRINGS = YES;
				SWIFT_VERSION = 5.0;
			};
			name = Release;
		};
		F77844CE29D15AD4003938EE /* Debug */ = {
			isa = XCBuildConfiguration;
			buildSettings = {
				ALWAYS_EMBED_SWIFT_STANDARD_LIBRARIES = YES;
				CODE_SIGN_STYLE = Automatic;
				CURRENT_PROJECT_VERSION = 1;
				DEVELOPMENT_TEAM = VUYN7Z8LL9;
				GENERATE_INFOPLIST_FILE = YES;
				IPHONEOS_DEPLOYMENT_TARGET = 15.5;
				MARKETING_VERSION = 1.0;
				PRODUCT_BUNDLE_IDENTIFIER = "com.elijahahmad.Tests-iOS";
				PRODUCT_NAME = "$(TARGET_NAME)";
				SDKROOT = iphoneos;
				SWIFT_EMIT_LOC_STRINGS = NO;
				SWIFT_VERSION = 5.0;
				TARGETED_DEVICE_FAMILY = "1,2";
				TEST_TARGET_NAME = "Black Diamond (iOS)";
			};
			name = Debug;
		};
		F77844CF29D15AD4003938EE /* Release */ = {
			isa = XCBuildConfiguration;
			buildSettings = {
				ALWAYS_EMBED_SWIFT_STANDARD_LIBRARIES = YES;
				CODE_SIGN_STYLE = Automatic;
				CURRENT_PROJECT_VERSION = 1;
				DEVELOPMENT_TEAM = VUYN7Z8LL9;
				GENERATE_INFOPLIST_FILE = YES;
				IPHONEOS_DEPLOYMENT_TARGET = 15.5;
				MARKETING_VERSION = 1.0;
				PRODUCT_BUNDLE_IDENTIFIER = "com.elijahahmad.Tests-iOS";
				PRODUCT_NAME = "$(TARGET_NAME)";
				SDKROOT = iphoneos;
				SWIFT_EMIT_LOC_STRINGS = NO;
				SWIFT_VERSION = 5.0;
				TARGETED_DEVICE_FAMILY = "1,2";
				TEST_TARGET_NAME = "Black Diamond (iOS)";
				VALIDATE_PRODUCT = YES;
			};
			name = Release;
		};
		F77844D129D15AD4003938EE /* Debug */ = {
			isa = XCBuildConfiguration;
			buildSettings = {
				ALWAYS_EMBED_SWIFT_STANDARD_LIBRARIES = YES;
				CODE_SIGN_STYLE = Automatic;
				CURRENT_PROJECT_VERSION = 1;
				DEVELOPMENT_TEAM = VUYN7Z8LL9;
				GENERATE_INFOPLIST_FILE = YES;
				MACOSX_DEPLOYMENT_TARGET = 12.3;
				MARKETING_VERSION = 1.0;
				PRODUCT_BUNDLE_IDENTIFIER = "com.elijahahmad.Tests-macOS";
				PRODUCT_NAME = "$(TARGET_NAME)";
				SDKROOT = macosx;
				SWIFT_EMIT_LOC_STRINGS = NO;
				SWIFT_VERSION = 5.0;
				TEST_TARGET_NAME = "Black Diamond (macOS)";
			};
			name = Debug;
		};
		F77844D229D15AD4003938EE /* Release */ = {
			isa = XCBuildConfiguration;
			buildSettings = {
				ALWAYS_EMBED_SWIFT_STANDARD_LIBRARIES = YES;
				CODE_SIGN_STYLE = Automatic;
				CURRENT_PROJECT_VERSION = 1;
				DEVELOPMENT_TEAM = VUYN7Z8LL9;
				GENERATE_INFOPLIST_FILE = YES;
				MACOSX_DEPLOYMENT_TARGET = 12.3;
				MARKETING_VERSION = 1.0;
				PRODUCT_BUNDLE_IDENTIFIER = "com.elijahahmad.Tests-macOS";
				PRODUCT_NAME = "$(TARGET_NAME)";
				SDKROOT = macosx;
				SWIFT_EMIT_LOC_STRINGS = NO;
				SWIFT_VERSION = 5.0;
				TEST_TARGET_NAME = "Black Diamond (macOS)";
			};
			name = Release;
		};
/* End XCBuildConfiguration section */

/* Begin XCConfigurationList section */
		F778449529D15AD0003938EE /* Build configuration list for PBXProject "Onyx" */ = {
			isa = XCConfigurationList;
			buildConfigurations = (
				F77844C529D15AD4003938EE /* Debug */,
				F77844C629D15AD4003938EE /* Release */,
			);
			defaultConfigurationIsVisible = 0;
			defaultConfigurationName = Release;
		};
		F77844C729D15AD4003938EE /* Build configuration list for PBXNativeTarget "Onyx (iOS)" */ = {
			isa = XCConfigurationList;
			buildConfigurations = (
				F77844C829D15AD4003938EE /* Debug */,
				F77844C929D15AD4003938EE /* Release */,
			);
			defaultConfigurationIsVisible = 0;
			defaultConfigurationName = Release;
		};
		F77844CA29D15AD4003938EE /* Build configuration list for PBXNativeTarget "Onyx (macOS)" */ = {
			isa = XCConfigurationList;
			buildConfigurations = (
				F77844CB29D15AD4003938EE /* Debug */,
				F77844CC29D15AD4003938EE /* Release */,
			);
			defaultConfigurationIsVisible = 0;
			defaultConfigurationName = Release;
		};
		F77844CD29D15AD4003938EE /* Build configuration list for PBXNativeTarget "Tests iOS" */ = {
			isa = XCConfigurationList;
			buildConfigurations = (
				F77844CE29D15AD4003938EE /* Debug */,
				F77844CF29D15AD4003938EE /* Release */,
			);
			defaultConfigurationIsVisible = 0;
			defaultConfigurationName = Release;
		};
		F77844D029D15AD4003938EE /* Build configuration list for PBXNativeTarget "Tests macOS" */ = {
			isa = XCConfigurationList;
			buildConfigurations = (
				F77844D129D15AD4003938EE /* Debug */,
				F77844D229D15AD4003938EE /* Release */,
			);
			defaultConfigurationIsVisible = 0;
			defaultConfigurationName = Release;
		};
/* End XCConfigurationList section */
	};
	rootObject = F778449229D15AD0003938EE /* Project object */;
}
